
Microsoft Visual Studio Solution File, Format Version 12.00
# Visual Studio Version 17
VisualStudioVersion = 17.10.35004.147
MinimumVisualStudioVersion = 10.0.40219.1
Project("{9A19103F-16F7-4668-BE54-9A1E7A4F7556}") = "ExpenseTracker", "ExpenseTracker\ExpenseTracker.csproj", "{6D79B305-B931-4CB6-B85E-0F4347C61759}"
EndProject
Project("{E53339B2-1760-4266-BCC7-CA923CBCF16C}") = "docker-compose", "docker-compose.dcproj", "{2C5CDE6A-B847-4B88-818B-C66607267404}"
EndProject
Global
	GlobalSection(SolutionConfigurationPlatforms) = preSolution
		Debug|Any CPU = Debug|Any CPU
		Release|Any CPU = Release|Any CPU
	EndGlobalSection
	GlobalSection(ProjectConfigurationPlatforms) = postSolution
		{6D79B305-B931-4CB6-B85E-0F4347C61759}.Debug|Any CPU.ActiveCfg = Debug|Any CPU
		{6D79B305-B931-4CB6-B85E-0F4347C61759}.Debug|Any CPU.Build.0 = Debug|Any CPU
		{6D79B305-B931-4CB6-B85E-0F4347C61759}.Release|Any CPU.ActiveCfg = Release|Any CPU
		{6D79B305-B931-4CB6-B85E-0F4347C61759}.Release|Any CPU.Build.0 = Release|Any CPU
		{2C5CDE6A-B847-4B88-818B-C66607267404}.Debug|Any CPU.ActiveCfg = Debug|Any CPU
		{2C5CDE6A-B847-4B88-818B-C66607267404}.Debug|Any CPU.Build.0 = Debug|Any CPU
		{2C5CDE6A-B847-4B88-818B-C66607267404}.Release|Any CPU.ActiveCfg = Release|Any CPU
		{2C5CDE6A-B847-4B88-818B-C66607267404}.Release|Any CPU.Build.0 = Release|Any CPU
	EndGlobalSection
	GlobalSection(SolutionProperties) = preSolution
		HideSolutionNode = FALSE
	EndGlobalSection
	GlobalSection(ExtensibilityGlobals) = postSolution
		SolutionGuid = {1217D383-CA72-401A-B1FD-6C59E848E4ED}
	EndGlobalSection
EndGlobal
